
Microsoft Visual Studio Solution File, Format Version 12.00
# Visual Studio 15
VisualStudioVersion = 15.0.28010.2026
MinimumVisualStudioVersion = 10.0.40219.1
Project("{FAE04EC0-301F-11D3-BF4B-00C04F79EFBC}") = "Task2", "Task2\Task2.csproj", "{47D60AFF-C187-443C-9606-A6E52C70285C}"
EndProject
Global
	GlobalSection(SolutionConfigurationPlatforms) = preSolution
		Debug|Any CPU = Debug|Any CPU
		Release|Any CPU = Release|Any CPU
	EndGlobalSection
	GlobalSection(ProjectConfigurationPlatforms) = postSolution
		{47D60AFF-C187-443C-9606-A6E52C70285C}.Debug|Any CPU.ActiveCfg = Debug|Any CPU
		{47D60AFF-C187-443C-9606-A6E52C70285C}.Debug|Any CPU.Build.0 = Debug|Any CPU
		{47D60AFF-C187-443C-9606-A6E52C70285C}.Release|Any CPU.ActiveCfg = Release|Any CPU
		{47D60AFF-C187-443C-9606-A6E52C70285C}.Release|Any CPU.Build.0 = Release|Any CPU
	EndGlobalSection
	GlobalSection(SolutionProperties) = preSolution
		HideSolutionNode = FALSE
	EndGlobalSection
	GlobalSection(ExtensibilityGlobals) = postSolution
		SolutionGuid = {C2FDD5D5-41CA-43A7-AFA9-FFA315E7CD9E}
	EndGlobalSection
EndGlobal
